
Microsoft Visual Studio Solution File, Format Version 12.00
# Visual Studio Version 17
VisualStudioVersion = 17.5.002.0
MinimumVisualStudioVersion = 10.0.40219.1
Project("{9A19103F-16F7-4668-BE54-9A1E7A4F7556}") = "Day 3", "Day 3.csproj", "{1D1B71EE-3056-449B-97AA-7E27F0BE44EA}"
EndProject
Global
	GlobalSection(SolutionConfigurationPlatforms) = preSolution
		Debug|Any CPU = Debug|Any CPU
		Release|Any CPU = Release|Any CPU
	EndGlobalSection
	GlobalSection(ProjectConfigurationPlatforms) = postSolution
		{1D1B71EE-3056-449B-97AA-7E27F0BE44EA}.Debug|Any CPU.ActiveCfg = Debug|Any CPU
		{1D1B71EE-3056-449B-97AA-7E27F0BE44EA}.Debug|Any CPU.Build.0 = Debug|Any CPU
		{1D1B71EE-3056-449B-97AA-7E27F0BE44EA}.Release|Any CPU.ActiveCfg = Release|Any CPU
		{1D1B71EE-3056-449B-97AA-7E27F0BE44EA}.Release|Any CPU.Build.0 = Release|Any CPU
	EndGlobalSection
	GlobalSection(SolutionProperties) = preSolution
		HideSolutionNode = FALSE
	EndGlobalSection
	GlobalSection(ExtensibilityGlobals) = postSolution
		SolutionGuid = {47531636-1405-4AC3-BFA8-D1E10C0393B0}
	EndGlobalSection
EndGlobal
